
Microsoft Visual Studio Solution File, Format Version 12.00
# Visual Studio 15
VisualStudioVersion = 15.0.28307.106
MinimumVisualStudioVersion = 10.0.40219.1
Project("{FAE04EC0-301F-11D3-BF4B-00C04F79EFBC}") = "TelaAleatorizador.Apresentacao", "TelaAleatorizador.Apresentacao\TelaAleatorizador.Apresentacao.csproj", "{3F391EFA-22F5-44CC-9DBC-70DF861A55CF}"
EndProject
Project("{2150E333-8FDC-42A3-9474-1A3956D46DE8}") = "Apresentacao", "Apresentacao", "{6789A0BD-B253-4846-A27D-8BF597FCEC81}"
EndProject
Project("{2150E333-8FDC-42A3-9474-1A3956D46DE8}") = "Infraestrutura", "Infraestrutura", "{E1732AB8-5639-4CC4-9785-5CA3F222C507}"
EndProject
Project("{FAE04EC0-301F-11D3-BF4B-00C04F79EFBC}") = "TelaAleatorizador.Infra", "TelaAleatorizador.Infra\TelaAleatorizador.Infra.csproj", "{70C8492F-17F5-4E48-B3A0-3D06D1197756}"
EndProject
Global
	GlobalSection(SolutionConfigurationPlatforms) = preSolution
		Debug|Any CPU = Debug|Any CPU
		Release|Any CPU = Release|Any CPU
	EndGlobalSection
	GlobalSection(ProjectConfigurationPlatforms) = postSolution
		{3F391EFA-22F5-44CC-9DBC-70DF861A55CF}.Debug|Any CPU.ActiveCfg = Debug|Any CPU
		{3F391EFA-22F5-44CC-9DBC-70DF861A55CF}.Debug|Any CPU.Build.0 = Debug|Any CPU
		{3F391EFA-22F5-44CC-9DBC-70DF861A55CF}.Release|Any CPU.ActiveCfg = Release|Any CPU
		{3F391EFA-22F5-44CC-9DBC-70DF861A55CF}.Release|Any CPU.Build.0 = Release|Any CPU
		{70C8492F-17F5-4E48-B3A0-3D06D1197756}.Debug|Any CPU.ActiveCfg = Debug|Any CPU
		{70C8492F-17F5-4E48-B3A0-3D06D1197756}.Debug|Any CPU.Build.0 = Debug|Any CPU
		{70C8492F-17F5-4E48-B3A0-3D06D1197756}.Release|Any CPU.ActiveCfg = Release|Any CPU
		{70C8492F-17F5-4E48-B3A0-3D06D1197756}.Release|Any CPU.Build.0 = Release|Any CPU
	EndGlobalSection
	GlobalSection(SolutionProperties) = preSolution
		HideSolutionNode = FALSE
	EndGlobalSection
	GlobalSection(NestedProjects) = preSolution
		{3F391EFA-22F5-44CC-9DBC-70DF861A55CF} = {6789A0BD-B253-4846-A27D-8BF597FCEC81}
		{70C8492F-17F5-4E48-B3A0-3D06D1197756} = {E1732AB8-5639-4CC4-9785-5CA3F222C507}
	EndGlobalSection
	GlobalSection(ExtensibilityGlobals) = postSolution
		SolutionGuid = {AA505097-ECDE-4914-AB26-35A037B07D99}
	EndGlobalSection
EndGlobal
